
Microsoft Visual Studio Solution File, Format Version 12.00
# Visual Studio Version 17
VisualStudioVersion = 17.6.33801.468
MinimumVisualStudioVersion = 10.0.40219.1
Project("{FAE04EC0-301F-11D3-BF4B-00C04F79EFBC}") = "SDK_Laboratoire1", "SDK_Laboratoire1\SDK_Laboratoire1.csproj", "{0595CA87-BA87-431A-B0E5-0A86A86B678E}"
EndProject
Global
	GlobalSection(SolutionConfigurationPlatforms) = preSolution
		Debug|Any CPU = Debug|Any CPU
		Release|Any CPU = Release|Any CPU
	EndGlobalSection
	GlobalSection(ProjectConfigurationPlatforms) = postSolution
		{0595CA87-BA87-431A-B0E5-0A86A86B678E}.Debug|Any CPU.ActiveCfg = Debug|Any CPU
		{0595CA87-BA87-431A-B0E5-0A86A86B678E}.Debug|Any CPU.Build.0 = Debug|Any CPU
		{0595CA87-BA87-431A-B0E5-0A86A86B678E}.Release|Any CPU.ActiveCfg = Release|Any CPU
		{0595CA87-BA87-431A-B0E5-0A86A86B678E}.Release|Any CPU.Build.0 = Release|Any CPU
	EndGlobalSection
	GlobalSection(SolutionProperties) = preSolution
		HideSolutionNode = FALSE
	EndGlobalSection
	GlobalSection(ExtensibilityGlobals) = postSolution
		SolutionGuid = {20C9813D-F3B8-4717-B196-855FFAA0463B}
	EndGlobalSection
EndGlobal
